// !$*UTF8*$!
{
	archiveVersion = 1;
	classes = {
	};
	objectVersion = 56;
	objects = {

/* Begin PBXBuildFile section */
		D05628232B5F47C900DB029D /* LoyaltyAppApp.swift in Sources */ = {isa = PBXBuildFile; fileRef = D05628222B5F47C900DB029D /* LoyaltyAppApp.swift */; };
		D05628252B5F47C900DB029D /* ContentView.swift in Sources */ = {isa = PBXBuildFile; fileRef = D05628242B5F47C900DB029D /* ContentView.swift */; };
		D05628272B5F47CB00DB029D /* Assets.xcassets in Resources */ = {isa = PBXBuildFile; fileRef = D05628262B5F47CB00DB029D /* Assets.xcassets */; };
		D056282A2B5F47CB00DB029D /* Preview Assets.xcassets in Resources */ = {isa = PBXBuildFile; fileRef = D05628292B5F47CB00DB029D /* Preview Assets.xcassets */; };
		D05628342B5F47CB00DB029D /* LoyaltyAppTests.swift in Sources */ = {isa = PBXBuildFile; fileRef = D05628332B5F47CB00DB029D /* LoyaltyAppTests.swift */; };
		D056283E2B5F47CB00DB029D /* LoyaltyAppUITests.swift in Sources */ = {isa = PBXBuildFile; fileRef = D056283D2B5F47CB00DB029D /* LoyaltyAppUITests.swift */; };
		D05628402B5F47CB00DB029D /* LoyaltyAppUITestsLaunchTests.swift in Sources */ = {isa = PBXBuildFile; fileRef = D056283F2B5F47CB00DB029D /* LoyaltyAppUITestsLaunchTests.swift */; };
/* End PBXBuildFile section */

/* Begin PBXContainerItemProxy section */
		D05628302B5F47CB00DB029D /* PBXContainerItemProxy */ = {
			isa = PBXContainerItemProxy;
			containerPortal = D05628172B5F47C900DB029D /* Project object */;
			proxyType = 1;
			remoteGlobalIDString = D056281E2B5F47C900DB029D;
			remoteInfo = LoyaltyApp;
		};
		D056283A2B5F47CB00DB029D /* PBXContainerItemProxy */ = {
			isa = PBXContainerItemProxy;
			containerPortal = D05628172B5F47C900DB029D /* Project object */;
			proxyType = 1;
			remoteGlobalIDString = D056281E2B5F47C900DB029D;
			remoteInfo = LoyaltyApp;
		};
/* End PBXContainerItemProxy section */

/* Begin PBXFileReference section */
		D056281F2B5F47C900DB029D /* LoyaltyApp.app */ = {isa = PBXFileReference; explicitFileType = wrapper.application; includeInIndex = 0; path = LoyaltyApp.app; sourceTree = BUILT_PRODUCTS_DIR; };
		D05628222B5F47C900DB029D /* LoyaltyAppApp.swift */ = {isa = PBXFileReference; lastKnownFileType = sourcecode.swift; path = LoyaltyAppApp.swift; sourceTree = "<group>"; };
		D05628242B5F47C900DB029D /* ContentView.swift */ = {isa = PBXFileReference; lastKnownFileType = sourcecode.swift; path = ContentView.swift; sourceTree = "<group>"; };
		D05628262B5F47CB00DB029D /* Assets.xcassets */ = {isa = PBXFileReference; lastKnownFileType = folder.assetcatalog; path = Assets.xcassets; sourceTree = "<group>"; };
		D05628292B5F47CB00DB029D /* Preview Assets.xcassets */ = {isa = PBXFileReference; lastKnownFileType = folder.assetcatalog; path = "Preview Assets.xcassets"; sourceTree = "<group>"; };
		D056282F2B5F47CB00DB029D /* LoyaltyAppTests.xctest */ = {isa = PBXFileReference; explicitFileType = wrapper.cfbundle; includeInIndex = 0; path = LoyaltyAppTests.xctest; sourceTree = BUILT_PRODUCTS_DIR; };
		D05628332B5F47CB00DB029D /* LoyaltyAppTests.swift */ = {isa = PBXFileReference; lastKnownFileType = sourcecode.swift; path = LoyaltyAppTests.swift; sourceTree = "<group>"; };
		D05628392B5F47CB00DB029D /* LoyaltyAppUITests.xctest */ = {isa = PBXFileReference; explicitFileType = wrapper.cfbundle; includeInIndex = 0; path = LoyaltyAppUITests.xctest; sourceTree = BUILT_PRODUCTS_DIR; };
		D056283D2B5F47CB00DB029D /* LoyaltyAppUITests.swift */ = {isa = PBXFileReference; lastKnownFileType = sourcecode.swift; path = LoyaltyAppUITests.swift; sourceTree = "<group>"; };
		D056283F2B5F47CB00DB029D /* LoyaltyAppUITestsLaunchTests.swift */ = {isa = PBXFileReference; lastKnownFileType = sourcecode.swift; path = LoyaltyAppUITestsLaunchTests.swift; sourceTree = "<group>"; };
/* End PBXFileReference section */

/* Begin PBXFrameworksBuildPhase section */
		D056281C2B5F47C900DB029D /* Frameworks */ = {
			isa = PBXFrameworksBuildPhase;
			buildActionMask = 2147483647;
			files = (
			);
			runOnlyForDeploymentPostprocessing = 0;
		};
		D056282C2B5F47CB00DB029D /* Frameworks */ = {
			isa = PBXFrameworksBuildPhase;
			buildActionMask = 2147483647;
			files = (
			);
			runOnlyForDeploymentPostprocessing = 0;
		};
		D05628362B5F47CB00DB029D /* Frameworks */ = {
			isa = PBXFrameworksBuildPhase;
			buildActionMask = 2147483647;
			files = (
			);
			runOnlyForDeploymentPostprocessing = 0;
		};
/* End PBXFrameworksBuildPhase section */

/* Begin PBXGroup section */
		D05628162B5F47C900DB029D = {
			isa = PBXGroup;
			children = (
				D05628212B5F47C900DB029D /* LoyaltyApp */,
				D05628322B5F47CB00DB029D /* LoyaltyAppTests */,
				D056283C2B5F47CB00DB029D /* LoyaltyAppUITests */,
				D05628202B5F47C900DB029D /* Products */,
			);
			sourceTree = "<group>";
		};
		D05628202B5F47C900DB029D /* Products */ = {
			isa = PBXGroup;
			children = (
				D056281F2B5F47C900DB029D /* LoyaltyApp.app */,
				D056282F2B5F47CB00DB029D /* LoyaltyAppTests.xctest */,
				D05628392B5F47CB00DB029D /* LoyaltyAppUITests.xctest */,
			);
			name = Products;
			sourceTree = "<group>";
		};
		D05628212B5F47C900DB029D /* LoyaltyApp */ = {
			isa = PBXGroup;
			children = (
				D05628222B5F47C900DB029D /* LoyaltyAppApp.swift */,
				D05628242B5F47C900DB029D /* ContentView.swift */,
				D05628262B5F47CB00DB029D /* Assets.xcassets */,
				D05628282B5F47CB00DB029D /* Preview Content */,
			);
			path = LoyaltyApp;
			sourceTree = "<group>";
		};
		D05628282B5F47CB00DB029D /* Preview Content */ = {
			isa = PBXGroup;
			children = (
				D05628292B5F47CB00DB029D /* Preview Assets.xcassets */,
			);
			path = "Preview Content";
			sourceTree = "<group>";
		};
		D05628322B5F47CB00DB029D /* LoyaltyAppTests */ = {
			isa = PBXGroup;
			children = (
				D05628332B5F47CB00DB029D /* LoyaltyAppTests.swift */,
			);
			path = LoyaltyAppTests;
			sourceTree = "<group>";
		};
		D056283C2B5F47CB00DB029D /* LoyaltyAppUITests */ = {
			isa = PBXGroup;
			children = (
				D056283D2B5F47CB00DB029D /* LoyaltyAppUITests.swift */,
				D056283F2B5F47CB00DB029D /* LoyaltyAppUITestsLaunchTests.swift */,
			);
			path = LoyaltyAppUITests;
			sourceTree = "<group>";
		};
/* End PBXGroup section */

/* Begin PBXNativeTarget section */
		D056281E2B5F47C900DB029D /* LoyaltyApp */ = {
			isa = PBXNativeTarget;
			buildConfigurationList = D05628432B5F47CB00DB029D /* Build configuration list for PBXNativeTarget "LoyaltyApp" */;
			buildPhases = (
				D056281B2B5F47C900DB029D /* Sources */,
				D056281C2B5F47C900DB029D /* Frameworks */,
				D056281D2B5F47C900DB029D /* Resources */,
			);
			buildRules = (
			);
			dependencies = (
			);
			name = LoyaltyApp;
			productName = LoyaltyApp;
			productReference = D056281F2B5F47C900DB029D /* LoyaltyApp.app */;
			productType = "com.apple.product-type.application";
		};
		D056282E2B5F47CB00DB029D /* LoyaltyAppTests */ = {
			isa = PBXNativeTarget;
			buildConfigurationList = D05628462B5F47CB00DB029D /* Build configuration list for PBXNativeTarget "LoyaltyAppTests" */;
			buildPhases = (
				D056282B2B5F47CB00DB029D /* Sources */,
				D056282C2B5F47CB00DB029D /* Frameworks */,
				D056282D2B5F47CB00DB029D /* Resources */,
			);
			buildRules = (
			);
			dependencies = (
				D05628312B5F47CB00DB029D /* PBXTargetDependency */,
			);
			name = LoyaltyAppTests;
			productName = LoyaltyAppTests;
			productReference = D056282F2B5F47CB00DB029D /* LoyaltyAppTests.xctest */;
			productType = "com.apple.product-type.bundle.unit-test";
		};
		D05628382B5F47CB00DB029D /* LoyaltyAppUITests */ = {
			isa = PBXNativeTarget;
			buildConfigurationList = D05628492B5F47CB00DB029D /* Build configuration list for PBXNativeTarget "LoyaltyAppUITests" */;
			buildPhases = (
				D05628352B5F47CB00DB029D /* Sources */,
				D05628362B5F47CB00DB029D /* Frameworks */,
				D05628372B5F47CB00DB029D /* Resources */,
			);
			buildRules = (
			);
			dependencies = (
				D056283B2B5F47CB00DB029D /* PBXTargetDependency */,
			);
			name = LoyaltyAppUITests;
			productName = LoyaltyAppUITests;
			productReference = D05628392B5F47CB00DB029D /* LoyaltyAppUITests.xctest */;
			productType = "com.apple.product-type.bundle.ui-testing";
		};
/* End PBXNativeTarget section */

/* Begin PBXProject section */
		D05628172B5F47C900DB029D /* Project object */ = {
			isa = PBXProject;
			attributes = {
				BuildIndependentTargetsInParallel = 1;
				LastSwiftUpdateCheck = 1520;
				LastUpgradeCheck = 1520;
				TargetAttributes = {
					D056281E2B5F47C900DB029D = {
						CreatedOnToolsVersion = 15.2;
					};
					D056282E2B5F47CB00DB029D = {
						CreatedOnToolsVersion = 15.2;
						TestTargetID = D056281E2B5F47C900DB029D;
					};
					D05628382B5F47CB00DB029D = {
						CreatedOnToolsVersion = 15.2;
						TestTargetID = D056281E2B5F47C900DB029D;
					};
				};
			};
			buildConfigurationList = D056281A2B5F47C900DB029D /* Build configuration list for PBXProject "LoyaltyApp" */;
			compatibilityVersion = "Xcode 14.0";
			developmentRegion = en;
			hasScannedForEncodings = 0;
			knownRegions = (
				en,
				Base,
			);
			mainGroup = D05628162B5F47C900DB029D;
			productRefGroup = D05628202B5F47C900DB029D /* Products */;
			projectDirPath = "";
			projectRoot = "";
			targets = (
				D056281E2B5F47C900DB029D /* LoyaltyApp */,
				D056282E2B5F47CB00DB029D /* LoyaltyAppTests */,
				D05628382B5F47CB00DB029D /* LoyaltyAppUITests */,
			);
		};
/* End PBXProject section */

/* Begin PBXResourcesBuildPhase section */
		D056281D2B5F47C900DB029D /* Resources */ = {
			isa = PBXResourcesBuildPhase;
			buildActionMask = 2147483647;
			files = (
				D056282A2B5F47CB00DB029D /* Preview Assets.xcassets in Resources */,
				D05628272B5F47CB00DB029D /* Assets.xcassets in Resources */,
			);
			runOnlyForDeploymentPostprocessing = 0;
		};
		D056282D2B5F47CB00DB029D /* Resources */ = {
			isa = PBXResourcesBuildPhase;
			buildActionMask = 2147483647;
			files = (
			);
			runOnlyForDeploymentPostprocessing = 0;
		};
		D05628372B5F47CB00DB029D /* Resources */ = {
			isa = PBXResourcesBuildPhase;
			buildActionMask = 2147483647;
			files = (
			);
			runOnlyForDeploymentPostprocessing = 0;
		};
/* End PBXResourcesBuildPhase section */

/* Begin PBXSourcesBuildPhase section */
		D056281B2B5F47C900DB029D /* Sources */ = {
			isa = PBXSourcesBuildPhase;
			buildActionMask = 2147483647;
			files = (
				D05628252B5F47C900DB029D /* ContentView.swift in Sources */,
				D05628232B5F47C900DB029D /* LoyaltyAppApp.swift in Sources */,
			);
			runOnlyForDeploymentPostprocessing = 0;
		};
		D056282B2B5F47CB00DB029D /* Sources */ = {
			isa = PBXSourcesBuildPhase;
			buildActionMask = 2147483647;
			files = (
				D05628342B5F47CB00DB029D /* LoyaltyAppTests.swift in Sources */,
			);
			runOnlyForDeploymentPostprocessing = 0;
		};
		D05628352B5F47CB00DB029D /* Sources */ = {
			isa = PBXSourcesBuildPhase;
			buildActionMask = 2147483647;
			files = (
				D056283E2B5F47CB00DB029D /* LoyaltyAppUITests.swift in Sources */,
				D05628402B5F47CB00DB029D /* LoyaltyAppUITestsLaunchTests.swift in Sources */,
			);
			runOnlyForDeploymentPostprocessing = 0;
		};
/* End PBXSourcesBuildPhase section */

/* Begin PBXTargetDependency section */
		D05628312B5F47CB00DB029D /* PBXTargetDependency */ = {
			isa = PBXTargetDependency;
			target = D056281E2B5F47C900DB029D /* LoyaltyApp */;
			targetProxy = D05628302B5F47CB00DB029D /* PBXContainerItemProxy */;
		};
		D056283B2B5F47CB00DB029D /* PBXTargetDependency */ = {
			isa = PBXTargetDependency;
			target = D056281E2B5F47C900DB029D /* LoyaltyApp */;
			targetProxy = D056283A2B5F47CB00DB029D /* PBXContainerItemProxy */;
		};
/* End PBXTargetDependency section */

/* Begin XCBuildConfiguration section */
		D05628412B5F47CB00DB029D /* Debug */ = {
			isa = XCBuildConfiguration;
			buildSettings = {
				ALWAYS_SEARCH_USER_PATHS = NO;
				ASSETCATALOG_COMPILER_GENERATE_SWIFT_ASSET_SYMBOL_EXTENSIONS = YES;
				CLANG_ANALYZER_NONNULL = YES;
				CLANG_ANALYZER_NUMBER_OBJECT_CONVERSION = YES_AGGRESSIVE;
				CLANG_CXX_LANGUAGE_STANDARD = "gnu++20";
				CLANG_ENABLE_MODULES = YES;
				CLANG_ENABLE_OBJC_ARC = YES;
				CLANG_ENABLE_OBJC_WEAK = YES;
				CLANG_WARN_BLOCK_CAPTURE_AUTORELEASING = YES;
				CLANG_WARN_BOOL_CONVERSION = YES;
				CLANG_WARN_COMMA = YES;
				CLANG_WARN_CONSTANT_CONVERSION = YES;
				CLANG_WARN_DEPRECATED_OBJC_IMPLEMENTATIONS = YES;
				CLANG_WARN_DIRECT_OBJC_ISA_USAGE = YES_ERROR;
				CLANG_WARN_DOCUMENTATION_COMMENTS = YES;
				CLANG_WARN_EMPTY_BODY = YES;
				CLANG_WARN_ENUM_CONVERSION = YES;
				CLANG_WARN_INFINITE_RECURSION = YES;
				CLANG_WARN_INT_CONVERSION = YES;
				CLANG_WARN_NON_LITERAL_NULL_CONVERSION = YES;
				CLANG_WARN_OBJC_IMPLICIT_RETAIN_SELF = YES;
				CLANG_WARN_OBJC_LITERAL_CONVERSION = YES;
				CLANG_WARN_OBJC_ROOT_CLASS = YES_ERROR;
				CLANG_WARN_QUOTED_INCLUDE_IN_FRAMEWORK_HEADER = YES;
				CLANG_WARN_RANGE_LOOP_ANALYSIS = YES;
				CLANG_WARN_STRICT_PROTOTYPES = YES;
				CLANG_WARN_SUSPICIOUS_MOVE = YES;
				CLANG_WARN_UNGUARDED_AVAILABILITY = YES_AGGRESSIVE;
				CLANG_WARN_UNREACHABLE_CODE = YES;
				CLANG_WARN__DUPLICATE_METHOD_MATCH = YES;
				COPY_PHASE_STRIP = NO;
				DEBUG_INFORMATION_FORMAT = dwarf;
				ENABLE_STRICT_OBJC_MSGSEND = YES;
				ENABLE_TESTABILITY = YES;
				ENABLE_USER_SCRIPT_SANDBOXING = YES;
				GCC_C_LANGUAGE_STANDARD = gnu17;
				GCC_DYNAMIC_NO_PIC = NO;
				GCC_NO_COMMON_BLOCKS = YES;
				GCC_OPTIMIZATION_LEVEL = 0;
				GCC_PREPROCESSOR_DEFINITIONS = (
					"DEBUG=1",
					"$(inherited)",
				);
				GCC_WARN_64_TO_32_BIT_CONVERSION = YES;
				GCC_WARN_ABOUT_RETURN_TYPE = YES_ERROR;
				GCC_WARN_UNDECLARED_SELECTOR = YES;
				GCC_WARN_UNINITIALIZED_AUTOS = YES_AGGRESSIVE;
				GCC_WARN_UNUSED_FUNCTION = YES;
				GCC_WARN_UNUSED_VARIABLE = YES;
				IPHONEOS_DEPLOYMENT_TARGET = 17.2;
				LOCALIZATION_PREFERS_STRING_CATALOGS = YES;
				MTL_ENABLE_DEBUG_INFO = INCLUDE_SOURCE;
				MTL_FAST_MATH = YES;
				ONLY_ACTIVE_ARCH = YES;
				SDKROOT = iphoneos;
				SWIFT_ACTIVE_COMPILATION_CONDITIONS = "DEBUG $(inherited)";
				SWIFT_OPTIMIZATION_LEVEL = "-Onone";
			};
			name = Debug;
		};
		D05628422B5F47CB00DB029D /* Release */ = {
			isa = XCBuildConfiguration;
			buildSettings = {
				ALWAYS_SEARCH_USER_PATHS = NO;
				ASSETCATALOG_COMPILER_GENERATE_SWIFT_ASSET_SYMBOL_EXTENSIONS = YES;
				CLANG_ANALYZER_NONNULL = YES;
				CLANG_ANALYZER_NUMBER_OBJECT_CONVERSION = YES_AGGRESSIVE;
				CLANG_CXX_LANGUAGE_STANDARD = "gnu++20";
				CLANG_ENABLE_MODULES = YES;
				CLANG_ENABLE_OBJC_ARC = YES;
				CLANG_ENABLE_OBJC_WEAK = YES;
				CLANG_WARN_BLOCK_CAPTURE_AUTORELEASING = YES;
				CLANG_WARN_BOOL_CONVERSION = YES;
				CLANG_WARN_COMMA = YES;
				CLANG_WARN_CONSTANT_CONVERSION = YES;
				CLANG_WARN_DEPRECATED_OBJC_IMPLEMENTATIONS = YES;
				CLANG_WARN_DIRECT_OBJC_ISA_USAGE = YES_ERROR;
				CLANG_WARN_DOCUMENTATION_COMMENTS = YES;
				CLANG_WARN_EMPTY_BODY = YES;
				CLANG_WARN_ENUM_CONVERSION = YES;
				CLANG_WARN_INFINITE_RECURSION = YES;
				CLANG_WARN_INT_CONVERSION = YES;
				CLANG_WARN_NON_LITERAL_NULL_CONVERSION = YES;
				CLANG_WARN_OBJC_IMPLICIT_RETAIN_SELF = YES;
				CLANG_WARN_OBJC_LITERAL_CONVERSION = YES;
				CLANG_WARN_OBJC_ROOT_CLASS = YES_ERROR;
				CLANG_WARN_QUOTED_INCLUDE_IN_FRAMEWORK_HEADER = YES;
				CLANG_WARN_RANGE_LOOP_ANALYSIS = YES;
				CLANG_WARN_STRICT_PROTOTYPES = YES;
				CLANG_WARN_SUSPICIOUS_MOVE = YES;
				CLANG_WARN_UNGUARDED_AVAILABILITY = YES_AGGRESSIVE;
				CLANG_WARN_UNREACHABLE_CODE = YES;
				CLANG_WARN__DUPLICATE_METHOD_MATCH = YES;
				COPY_PHASE_STRIP = NO;
				DEBUG_INFORMATION_FORMAT = "dwarf-with-dsym";
				ENABLE_NS_ASSERTIONS = NO;
				ENABLE_STRICT_OBJC_MSGSEND = YES;
				ENABLE_USER_SCRIPT_SANDBOXING = YES;
				GCC_C_LANGUAGE_STANDARD = gnu17;
				GCC_NO_COMMON_BLOCKS = YES;
				GCC_WARN_64_TO_32_BIT_CONVERSION = YES;
				GCC_WARN_ABOUT_RETURN_TYPE = YES_ERROR;
				GCC_WARN_UNDECLARED_SELECTOR = YES;
				GCC_WARN_UNINITIALIZED_AUTOS = YES_AGGRESSIVE;
				GCC_WARN_UNUSED_FUNCTION = YES;
				GCC_WARN_UNUSED_VARIABLE = YES;
				IPHONEOS_DEPLOYMENT_TARGET = 17.2;
				LOCALIZATION_PREFERS_STRING_CATALOGS = YES;
				MTL_ENABLE_DEBUG_INFO = NO;
				MTL_FAST_MATH = YES;
				SDKROOT = iphoneos;
				SWIFT_COMPILATION_MODE = wholemodule;
				VALIDATE_PRODUCT = YES;
			};
			name = Release;
		};
		D05628442B5F47CB00DB029D /* Debug */ = {
			isa = XCBuildConfiguration;
			buildSettings = {
				ASSETCATALOG_COMPILER_APPICON_NAME = AppIcon;
				ASSETCATALOG_COMPILER_GLOBAL_ACCENT_COLOR_NAME = AccentColor;
				CODE_SIGN_STYLE = Automatic;
				CURRENT_PROJECT_VERSION = 1;
				DEVELOPMENT_ASSET_PATHS = "\"LoyaltyApp/Preview Content\"";
				DEVELOPMENT_TEAM = V9PM9L7872;
				ENABLE_PREVIEWS = YES;
				GENERATE_INFOPLIST_FILE = YES;
				INFOPLIST_KEY_UIApplicationSceneManifest_Generation = YES;
				INFOPLIST_KEY_UIApplicationSupportsIndirectInputEvents = YES;
				INFOPLIST_KEY_UILaunchScreen_Generation = YES;
				INFOPLIST_KEY_UISupportedInterfaceOrientations_iPad = "UIInterfaceOrientationPortrait UIInterfaceOrientationPortraitUpsideDown UIInterfaceOrientationLandscapeLeft UIInterfaceOrientationLandscapeRight";
				INFOPLIST_KEY_UISupportedInterfaceOrientations_iPhone = "UIInterfaceOrientationPortrait UIInterfaceOrientationLandscapeLeft UIInterfaceOrientationLandscapeRight";
				LD_RUNPATH_SEARCH_PATHS = (
					"$(inherited)",
					"@executable_path/Frameworks",
				);
				MARKETING_VERSION = 1.0;
				PRODUCT_BUNDLE_IDENTIFIER = dev.loyalty.LoyaltyApp;
				PRODUCT_NAME = "$(TARGET_NAME)";
				SWIFT_EMIT_LOC_STRINGS = YES;
				SWIFT_VERSION = 5.0;
				TARGETED_DEVICE_FAMILY = "1,2";
			};
			name = Debug;
		};
		D05628452B5F47CB00DB029D /* Release */ = {
			isa = XCBuildConfiguration;
			buildSettings = {
				ASSETCATALOG_COMPILER_APPICON_NAME = AppIcon;
				ASSETCATALOG_COMPILER_GLOBAL_ACCENT_COLOR_NAME = AccentColor;
				CODE_SIGN_STYLE = Automatic;
				CURRENT_PROJECT_VERSION = 1;
				DEVELOPMENT_ASSET_PATHS = "\"LoyaltyApp/Preview Content\"";
				DEVELOPMENT_TEAM = V9PM9L7872;
				ENABLE_PREVIEWS = YES;
				GENERATE_INFOPLIST_FILE = YES;
				INFOPLIST_KEY_UIApplicationSceneManifest_Generation = YES;
				INFOPLIST_KEY_UIApplicationSupportsIndirectInputEvents = YES;
				INFOPLIST_KEY_UILaunchScreen_Generation = YES;
				INFOPLIST_KEY_UISupportedInterfaceOrientations_iPad = "UIInterfaceOrientationPortrait UIInterfaceOrientationPortraitUpsideDown UIInterfaceOrientationLandscapeLeft UIInterfaceOrientationLandscapeRight";
				INFOPLIST_KEY_UISupportedInterfaceOrientations_iPhone = "UIInterfaceOrientationPortrait UIInterfaceOrientationLandscapeLeft UIInterfaceOrientationLandscapeRight";
				LD_RUNPATH_SEARCH_PATHS = (
					"$(inherited)",
					"@executable_path/Frameworks",
				);
				MARKETING_VERSION = 1.0;
				PRODUCT_BUNDLE_IDENTIFIER = dev.loyalty.LoyaltyApp;
				PRODUCT_NAME = "$(TARGET_NAME)";
				SWIFT_EMIT_LOC_STRINGS = YES;
				SWIFT_VERSION = 5.0;
				TARGETED_DEVICE_FAMILY = "1,2";
			};
			name = Release;
		};
		D05628472B5F47CB00DB029D /* Debug */ = {
			isa = XCBuildConfiguration;
			buildSettings = {
				ALWAYS_EMBED_SWIFT_STANDARD_LIBRARIES = YES;
				BUNDLE_LOADER = "$(TEST_HOST)";
				CODE_SIGN_STYLE = Automatic;
				CURRENT_PROJECT_VERSION = 1;
				DEVELOPMENT_TEAM = V9PM9L7872;
				GENERATE_INFOPLIST_FILE = YES;
				IPHONEOS_DEPLOYMENT_TARGET = 17.2;
				MARKETING_VERSION = 1.0;
				PRODUCT_BUNDLE_IDENTIFIER = dev.loyalty.LoyaltyAppTests;
				PRODUCT_NAME = "$(TARGET_NAME)";
				SWIFT_EMIT_LOC_STRINGS = NO;
				SWIFT_VERSION = 5.0;
				TARGETED_DEVICE_FAMILY = "1,2";
				TEST_HOST = "$(BUILT_PRODUCTS_DIR)/LoyaltyApp.app/$(BUNDLE_EXECUTABLE_FOLDER_PATH)/LoyaltyApp";
			};
			name = Debug;
		};
		D05628482B5F47CB00DB029D /* Release */ = {
			isa = XCBuildConfiguration;
			buildSettings = {
				ALWAYS_EMBED_SWIFT_STANDARD_LIBRARIES = YES;
				BUNDLE_LOADER = "$(TEST_HOST)";
				CODE_SIGN_STYLE = Automatic;
				CURRENT_PROJECT_VERSION = 1;
				DEVELOPMENT_TEAM = V9PM9L7872;
				GENERATE_INFOPLIST_FILE = YES;
				IPHONEOS_DEPLOYMENT_TARGET = 17.2;
				MARKETING_VERSION = 1.0;
				PRODUCT_BUNDLE_IDENTIFIER = dev.loyalty.LoyaltyAppTests;
				PRODUCT_NAME = "$(TARGET_NAME)";
				SWIFT_EMIT_LOC_STRINGS = NO;
				SWIFT_VERSION = 5.0;
				TARGETED_DEVICE_FAMILY = "1,2";
				TEST_HOST = "$(BUILT_PRODUCTS_DIR)/LoyaltyApp.app/$(BUNDLE_EXECUTABLE_FOLDER_PATH)/LoyaltyApp";
			};
			name = Release;
		};
		D056284A2B5F47CB00DB029D /* Debug */ = {
			isa = XCBuildConfiguration;
			buildSettings = {
				ALWAYS_EMBED_SWIFT_STANDARD_LIBRARIES = YES;
				CODE_SIGN_STYLE = Automatic;
				CURRENT_PROJECT_VERSION = 1;
				DEVELOPMENT_TEAM = V9PM9L7872;
				GENERATE_INFOPLIST_FILE = YES;
				MARKETING_VERSION = 1.0;
				PRODUCT_BUNDLE_IDENTIFIER = dev.loyalty.LoyaltyAppUITests;
				PRODUCT_NAME = "$(TARGET_NAME)";
				SWIFT_EMIT_LOC_STRINGS = NO;
				SWIFT_VERSION = 5.0;
				TARGETED_DEVICE_FAMILY = "1,2";
				TEST_TARGET_NAME = LoyaltyApp;
			};
			name = Debug;
		};
		D056284B2B5F47CB00DB029D /* Release */ = {
			isa = XCBuildConfiguration;
			buildSettings = {
				ALWAYS_EMBED_SWIFT_STANDARD_LIBRARIES = YES;
				CODE_SIGN_STYLE = Automatic;
				CURRENT_PROJECT_VERSION = 1;
				DEVELOPMENT_TEAM = V9PM9L7872;
				GENERATE_INFOPLIST_FILE = YES;
				MARKETING_VERSION = 1.0;
				PRODUCT_BUNDLE_IDENTIFIER = dev.loyalty.LoyaltyAppUITests;
				PRODUCT_NAME = "$(TARGET_NAME)";
				SWIFT_EMIT_LOC_STRINGS = NO;
				SWIFT_VERSION = 5.0;
				TARGETED_DEVICE_FAMILY = "1,2";
				TEST_TARGET_NAME = LoyaltyApp;
			};
			name = Release;
		};
/* End XCBuildConfiguration section */

/* Begin XCConfigurationList section */
		D056281A2B5F47C900DB029D /* Build configuration list for PBXProject "LoyaltyApp" */ = {
			isa = XCConfigurationList;
			buildConfigurations = (
				D05628412B5F47CB00DB029D /* Debug */,
				D05628422B5F47CB00DB029D /* Release */,
			);
			defaultConfigurationIsVisible = 0;
			defaultConfigurationName = Release;
		};
		D05628432B5F47CB00DB029D /* Build configuration list for PBXNativeTarget "LoyaltyApp" */ = {
			isa = XCConfigurationList;
			buildConfigurations = (
				D05628442B5F47CB00DB029D /* Debug */,
				D05628452B5F47CB00DB029D /* Release */,
			);
			defaultConfigurationIsVisible = 0;
			defaultConfigurationName = Release;
		};
		D05628462B5F47CB00DB029D /* Build configuration list for PBXNativeTarget "LoyaltyAppTests" */ = {
			isa = XCConfigurationList;
			buildConfigurations = (
				D05628472B5F47CB00DB029D /* Debug */,
				D05628482B5F47CB00DB029D /* Release */,
			);
			defaultConfigurationIsVisible = 0;
			defaultConfigurationName = Release;
		};
		D05628492B5F47CB00DB029D /* Build configuration list for PBXNativeTarget "LoyaltyAppUITests" */ = {
			isa = XCConfigurationList;
			buildConfigurations = (
				D056284A2B5F47CB00DB029D /* Debug */,
				D056284B2B5F47CB00DB029D /* Release */,
			);
			defaultConfigurationIsVisible = 0;
			defaultConfigurationName = Release;
		};
/* End XCConfigurationList section */
	};
	rootObject = D05628172B5F47C900DB029D /* Project object */;
}
